{
    "_meta": {
        "hash": {
            "sha256": "3328277a2ddcbc51e7fd289ac5b992bdc38e75f9a7545ef3e434e5c135aa24ba"
        },
        "pipfile-spec": 6,
        "requires": {
            "python_version": "3.8"
        },
        "sources": [
            {
                "name": "pypi",
                "url": "https://pypi.org/simple",
                "verify_ssl": true
            }
        ]
    },
    "default": {
        "click": {
            "hashes": [
                "sha256:2335065e6395b9e67ca716de5f7526736bfa6ceead690adf616d925bdc622b13",
                "sha256:5b94b49521f6456670fdb30cd82a4eca9412788a93fa6dd6df72c94d5a8ff2d7"
            ],
            "version": "==7.0"
        },
        "dnspython": {
            "hashes": [
                "sha256:36c5e8e38d4369a08b6780b7f27d790a292b2b08eea01607865bf0936c558e01",
                "sha256:f69c21288a962f4da86e56c4905b49d11aba7938d3d740e80d9e366ee4f1632d"
            ],
            "version": "==1.16.0"
        },
        "email-validator": {
            "hashes": [
                "sha256:e3e6ede1765d7c1e580d2050d834b2689361f7da2d50ce74df6a5968fca7cb13"
            ],
            "index": "pypi",
            "version": "==1.0.5"
        },
        "fastapi": {
            "hashes": [
                "sha256:3130313f23935d99150953422dfe5f6b43f043b6fe3aac22cc4c8d537a4464d9",
                "sha256:be62491f536dc50041913a37bdcd6b5e05c84e756ff331506b5afeddec859013"
            ],
            "index": "pypi",
            "version": "==0.47.1"
        },
        "h11": {
            "hashes": [
                "sha256:33d4bca7be0fa039f4e84d50ab00531047e53d6ee8ffbc83501ea602c169cae1",
                "sha256:4bc6d6a1238b7615b266ada57e0618568066f57dd6fa967d1290ec9309b2f2f1"
            ],
            "version": "==0.9.0"
        },
        "idna": {
            "hashes": [
                "sha256:c357b3f628cf53ae2c4c05627ecc484553142ca23264e593d327bcde5e9c3407",
                "sha256:ea8b7f6188e6fa117537c3df7da9fc686d485087abf6ac197f9c46432f7e4a3c"
            ],
            "version": "==2.8"
        },
        "pydantic": {
            "hashes": [
                "sha256:176885123dfdd8f7ab6e7ba1b66d4197de75ba830bb44d921af88b3d977b8aa5",
                "sha256:2b32a5f14558c36e39aeefda0c550bfc0f47fc32b4ce16d80dc4df2b33838ed8",
                "sha256:2eab7d548b0e530bf65bee7855ad8164c2f6a889975d5e9c4eefd1e7c98245dc",
                "sha256:479ca8dc7cc41418751bf10302ee0a1b1f8eedb2de6c4f4c0f3cf8372b204f9a",
                "sha256:59235324dd7dc5363a654cd14271ea8631f1a43de5d4fc29c782318fcc498002",
                "sha256:87673d1de790c8d5282153cab0b09271be77c49aabcedf3ac5ab1a1fd4dcbac0",
                "sha256:8a8e089aec18c26561e09ee6daf15a3cc06df05bdc67de60a8684535ef54562f",
                "sha256:b60f2b3b0e0dd74f1800a57d1bbd597839d16faf267e45fa4a5407b15d311085",
                "sha256:c0da48978382c83f9488c6bbe4350e065ea5c83e85ca5cfb8fa14ac11de3c296",
                "sha256:cbe284bd5ad67333d49ecc0dc27fa52c25b4c2fe72802a5c060b5f922db58bef",
                "sha256:d03df07b7611004140b0fef91548878c2b5f48c520a8cb76d11d20e9887a495e",
                "sha256:d4bb6a75abc2f04f6993124f1ed4221724c9dc3bd9df5cb54132e0b68775d375",
                "sha256:dacb79144bb3fdb57cf9435e1bd16c35586bc44256215cfaa33bf21565d926ae",
                "sha256:dd9359db7644317898816f6142f378aa48848dcc5cf14a481236235fde11a148"
            ],
            "version": "==1.3"
        },
        "python-decouple": {
            "hashes": [
                "sha256:55c546b85b0c47a15a47a4312d451a437f7344a9be3e001660bccd93b637de95"
            ],
            "index": "pypi",
            "version": "==3.3"
        },
        "starlette": {
            "hashes": [
                "sha256:c2ac9a42e0e0328ad20fe444115ac5e3760c1ee2ac1ff8cdb5ec915c4a453411"
            ],
            "version": "==0.12.9"
        },
        "ujson": {
            "hashes": [
                "sha256:f66073e5506e91d204ab0c614a148d5aa938bdbf104751be66f8ad7a222f5f86"
            ],
            "index": "pypi",
            "version": "==1.35"
        },
        "uvicorn": {
            "hashes": [
                "sha256:11f397855c7f35dc034a3d288883382a4c16afdfe6675b70896f55bd6051da64",
                "sha256:4a35496af38e4deeec911f4af99b0bace19669c986210b0a950ad2b7bfd5737a"
            ],
            "index": "pypi",
            "version": "==0.11.2"
        },
        "websockets": {
            "hashes": [
                "sha256:0e4fb4de42701340bd2353bb2eee45314651caa6ccee80dbd5f5d5978888fed5",
                "sha256:1d3f1bf059d04a4e0eb4985a887d49195e15ebabc42364f4eb564b1d065793f5",
                "sha256:20891f0dddade307ffddf593c733a3fdb6b83e6f9eef85908113e628fa5a8308",
                "sha256:295359a2cc78736737dd88c343cd0747546b2174b5e1adc223824bcaf3e164cb",
                "sha256:2db62a9142e88535038a6bcfea70ef9447696ea77891aebb730a333a51ed559a",
                "sha256:3762791ab8b38948f0c4d281c8b2ddfa99b7e510e46bd8dfa942a5fff621068c",
                "sha256:3db87421956f1b0779a7564915875ba774295cc86e81bc671631379371af1170",
                "sha256:3ef56fcc7b1ff90de46ccd5a687bbd13a3180132268c4254fc0fa44ecf4fc422",
                "sha256:4f9f7d28ce1d8f1295717c2c25b732c2bc0645db3215cf757551c392177d7cb8",
                "sha256:5c01fd846263a75bc8a2b9542606927cfad57e7282965d96b93c387622487485",
                "sha256:5c65d2da8c6bce0fca2528f69f44b2f977e06954c8512a952222cea50dad430f",
                "sha256:751a556205d8245ff94aeef23546a1113b1dd4f6e4d102ded66c39b99c2ce6c8",
                "sha256:7ff46d441db78241f4c6c27b3868c9ae71473fe03341340d2dfdbe8d79310acc",
                "sha256:965889d9f0e2a75edd81a07592d0ced54daa5b0785f57dc429c378edbcffe779",
                "sha256:9b248ba3dd8a03b1a10b19efe7d4f7fa41d158fdaa95e2cf65af5a7b95a4f989",
                "sha256:9bef37ee224e104a413f0780e29adb3e514a5b698aabe0d969a6ba426b8435d1",
                "sha256:c1ec8db4fac31850286b7cd3b9c0e1b944204668b8eb721674916d4e28744092",
                "sha256:c8a116feafdb1f84607cb3b14aa1418424ae71fee131642fc568d21423b51824",
                "sha256:ce85b06a10fc65e6143518b96d3dca27b081a740bae261c2fb20375801a9d56d",
                "sha256:d705f8aeecdf3262379644e4b55107a3b55860eb812b673b28d0fbc347a60c55",
                "sha256:e898a0863421650f0bebac8ba40840fc02258ef4714cb7e1fd76b6a6354bda36",
                "sha256:f8a7bff6e8664afc4e6c28b983845c5bc14965030e3fb98789734d416af77c4b"
            ],
            "version": "==8.1"
        }
    },
    "develop": {
        "atomicwrites": {
            "hashes": [
                "sha256:03472c30eb2c5d1ba9227e4c2ca66ab8287fbfbbda3888aa93dc2e28fc6811b4",
                "sha256:75a9445bac02d8d058d5e1fe689654ba5a6556a1dfd8ce6ec55a0ed79866cfa6"
            ],
            "markers": "sys_platform == 'win32'",
            "version": "==1.3.0"
        },
        "attrs": {
            "hashes": [
                "sha256:08a96c641c3a74e44eb59afb61a24f2cb9f4d7188748e76ba4bb5edfa3cb7d1c",
                "sha256:f7b7ce16570fe9965acd6d30101a28f62fb4a7f9e926b3bbc9b61f8b04247e72"
            ],
            "version": "==19.3.0"
        },
        "colorama": {
            "hashes": [
                "sha256:7d73d2a99753107a36ac6b455ee49046802e59d9d076ef8e47b61499fa29afff",
                "sha256:e96da0d330793e2cb9485e9ddfd918d456036c7149416295932478192f4436a1"
            ],
            "markers": "sys_platform == 'win32'",
            "version": "==0.4.3"
        },
        "importlib-metadata": {
            "hashes": [
                "sha256:bdd9b7c397c273bcc9a11d6629a38487cd07154fa255a467bf704cd2c258e359",
                "sha256:f17c015735e1a88296994c0697ecea7e11db24290941983b08c9feb30921e6d8"
            ],
            "markers": "python_version < '3.8'",
            "version": "==1.4.0"
        },
        "more-itertools": {
            "hashes": [
                "sha256:1a2a32c72400d365000412fe08eb4a24ebee89997c18d3d147544f70f5403b39",
                "sha256:c468adec578380b6281a114cb8a5db34eb1116277da92d7c46f904f0b52d3288"
            ],
            "version": "==8.1.0"
        },
        "packaging": {
            "hashes": [
                "sha256:aec3fdbb8bc9e4bb65f0634b9f551ced63983a529d6a8931817d52fdd0816ddb",
                "sha256:fe1d8331dfa7cc0a883b49d75fc76380b2ab2734b220fbb87d774e4fd4b851f8"
            ],
            "version": "==20.0"
        },
        "pluggy": {
            "hashes": [
                "sha256:15b2acde666561e1298d71b523007ed7364de07029219b604cf808bfa1c765b0",
                "sha256:966c145cd83c96502c3c3868f50408687b38434af77734af1e9ca461a4081d2d"
            ],
            "version": "==0.13.1"
        },
        "py": {
            "hashes": [
                "sha256:5e27081401262157467ad6e7f851b7aa402c5852dbcb3dae06768434de5752aa",
                "sha256:c20fdd83a5dbc0af9efd622bee9a5564e278f6380fffcacc43ba6f43db2813b0"
            ],
            "version": "==1.8.1"
        },
        "pyparsing": {
            "hashes": [
                "sha256:4c830582a84fb022400b85429791bc551f1f4871c33f23e44f353119e92f969f",
                "sha256:c342dccb5250c08d45fd6f8b4a559613ca603b57498511740e65cd11a2e7dcec"
            ],
            "version": "==2.4.6"
        },
        "pytest": {
            "hashes": [
                "sha256:1d122e8be54d1a709e56f82e2d85dcba3018313d64647f38a91aec88c239b600",
                "sha256:c13d1943c63e599b98cf118fcb9703e4d7bde7caa9a432567bcdcae4bf512d20"
            ],
            "index": "pypi",
            "version": "==5.3.4"
        },
        "six": {
            "hashes": [
                "sha256:236bdbdce46e6e6a3d61a337c0f8b763ca1e8717c03b369e87a7ec7ce1319c0a",
                "sha256:8f3cd2e254d8f793e7f3d6d9df77b92252b52637291d0f0da013c76ea2724b6c"
            ],
            "version": "==1.14.0"
        },
        "wcwidth": {
            "hashes": [
                "sha256:8fd29383f539be45b20bd4df0dc29c20ba48654a41e661925e612311e9f3c603",
                "sha256:f28b3e8a6483e5d49e7f8949ac1a78314e740333ae305b4ba5defd3e74fb37a8"
            ],
            "version": "==0.1.8"
        },
        "zipp": {
            "hashes": [
                "sha256:b338014b9bc7102ca69e0fb96ed07215a8954d2989bc5d83658494ab2ba634af",
                "sha256:e013e7800f60ec4dde789ebf4e9f7a54236e4bbf5df2a1a4e20ce9e1d9609d67"
            ],
            "version": "==2.0.1"
        }
    }
}
